// !$*UTF8*$!
{
	archiveVersion = 1;
	classes = {
	};
	objectVersion = 46;
	objects = {

/* Begin PBXBuildFile section */
		A1F2A9E01C7C853600B29319 /* AppDelegate.swift in Sources */ = {isa = PBXBuildFile; fileRef = A1F2A9DF1C7C853600B29319 /* AppDelegate.swift */; };
		A1F2A9E21C7C853600B29319 /* ViewController.swift in Sources */ = {isa = PBXBuildFile; fileRef = A1F2A9E11C7C853600B29319 /* ViewController.swift */; };
		A1F2A9E51C7C853600B29319 /* Main.storyboard in Resources */ = {isa = PBXBuildFile; fileRef = A1F2A9E31C7C853600B29319 /* Main.storyboard */; };
		A1F2A9E81C7C853600B29319 /* Fussball_Teams.xcdatamodeld in Sources */ = {isa = PBXBuildFile; fileRef = A1F2A9E61C7C853600B29319 /* Fussball_Teams.xcdatamodeld */; };
		A1F2A9EA1C7C853600B29319 /* Assets.xcassets in Resources */ = {isa = PBXBuildFile; fileRef = A1F2A9E91C7C853600B29319 /* Assets.xcassets */; };
		A1F2A9ED1C7C853600B29319 /* LaunchScreen.storyboard in Resources */ = {isa = PBXBuildFile; fileRef = A1F2A9EB1C7C853600B29319 /* LaunchScreen.storyboard */; };
		A1F2A9F51C7C858000B29319 /* GameKit.framework in Frameworks */ = {isa = PBXBuildFile; fileRef = A1F2A9F41C7C858000B29319 /* GameKit.framework */; };
		A1F2A9F71C7C8C8400B29319 /* PlayerDetailsController.swift in Sources */ = {isa = PBXBuildFile; fileRef = A1F2A9F61C7C8C8400B29319 /* PlayerDetailsController.swift */; };
		A1F2A9F91C7C8F5800B29319 /* PlayersListController.swift in Sources */ = {isa = PBXBuildFile; fileRef = A1F2A9F81C7C8F5800B29319 /* PlayersListController.swift */; };
		A1F2A9FB1C7C93CD00B29319 /* PlayerTableCell.swift in Sources */ = {isa = PBXBuildFile; fileRef = A1F2A9FA1C7C93CD00B29319 /* PlayerTableCell.swift */; };
		A1F2A9FD1C7C9A5C00B29319 /* StartGameController.swift in Sources */ = {isa = PBXBuildFile; fileRef = A1F2A9FC1C7C9A5C00B29319 /* StartGameController.swift */; };
		A1F2A9FF1C7CA64700B29319 /* GameDetailsController.swift in Sources */ = {isa = PBXBuildFile; fileRef = A1F2A9FE1C7CA64700B29319 /* GameDetailsController.swift */; };
		A1F2AA011C7CA6A000B29319 /* Game.swift in Sources */ = {isa = PBXBuildFile; fileRef = A1F2AA001C7CA6A000B29319 /* Game.swift */; };
		A1F2AA031C7CA6CF00B29319 /* Player.swift in Sources */ = {isa = PBXBuildFile; fileRef = A1F2AA021C7CA6CF00B29319 /* Player.swift */; };
/* End PBXBuildFile section */

/* Begin PBXFileReference section */
		A1F2A9DC1C7C853600B29319 /* Fussball Teams.app */ = {isa = PBXFileReference; explicitFileType = wrapper.application; includeInIndex = 0; path = "Fussball Teams.app"; sourceTree = BUILT_PRODUCTS_DIR; };
		A1F2A9DF1C7C853600B29319 /* AppDelegate.swift */ = {isa = PBXFileReference; lastKnownFileType = sourcecode.swift; path = AppDelegate.swift; sourceTree = "<group>"; };
		A1F2A9E11C7C853600B29319 /* ViewController.swift */ = {isa = PBXFileReference; lastKnownFileType = sourcecode.swift; path = ViewController.swift; sourceTree = "<group>"; };
		A1F2A9E41C7C853600B29319 /* Base */ = {isa = PBXFileReference; lastKnownFileType = file.storyboard; name = Base; path = Base.lproj/Main.storyboard; sourceTree = "<group>"; };
		A1F2A9E71C7C853600B29319 /* Fussball_Teams.xcdatamodel */ = {isa = PBXFileReference; lastKnownFileType = wrapper.xcdatamodel; path = Fussball_Teams.xcdatamodel; sourceTree = "<group>"; };
		A1F2A9E91C7C853600B29319 /* Assets.xcassets */ = {isa = PBXFileReference; lastKnownFileType = folder.assetcatalog; path = Assets.xcassets; sourceTree = "<group>"; };
		A1F2A9EC1C7C853600B29319 /* Base */ = {isa = PBXFileReference; lastKnownFileType = file.storyboard; name = Base; path = Base.lproj/LaunchScreen.storyboard; sourceTree = "<group>"; };
		A1F2A9EE1C7C853600B29319 /* Info.plist */ = {isa = PBXFileReference; lastKnownFileType = text.plist.xml; path = Info.plist; sourceTree = "<group>"; };
		A1F2A9F41C7C858000B29319 /* GameKit.framework */ = {isa = PBXFileReference; lastKnownFileType = wrapper.framework; name = GameKit.framework; path = System/Library/Frameworks/GameKit.framework; sourceTree = SDKROOT; };
		A1F2A9F61C7C8C8400B29319 /* PlayerDetailsController.swift */ = {isa = PBXFileReference; fileEncoding = 4; lastKnownFileType = sourcecode.swift; path = PlayerDetailsController.swift; sourceTree = "<group>"; };
		A1F2A9F81C7C8F5800B29319 /* PlayersListController.swift */ = {isa = PBXFileReference; fileEncoding = 4; lastKnownFileType = sourcecode.swift; path = PlayersListController.swift; sourceTree = "<group>"; };
		A1F2A9FA1C7C93CD00B29319 /* PlayerTableCell.swift */ = {isa = PBXFileReference; fileEncoding = 4; lastKnownFileType = sourcecode.swift; path = PlayerTableCell.swift; sourceTree = "<group>"; };
		A1F2A9FC1C7C9A5C00B29319 /* StartGameController.swift */ = {isa = PBXFileReference; fileEncoding = 4; lastKnownFileType = sourcecode.swift; path = StartGameController.swift; sourceTree = "<group>"; };
		A1F2A9FE1C7CA64700B29319 /* GameDetailsController.swift */ = {isa = PBXFileReference; fileEncoding = 4; lastKnownFileType = sourcecode.swift; path = GameDetailsController.swift; sourceTree = "<group>"; };
		A1F2AA001C7CA6A000B29319 /* Game.swift */ = {isa = PBXFileReference; fileEncoding = 4; lastKnownFileType = sourcecode.swift; path = Game.swift; sourceTree = "<group>"; };
		A1F2AA021C7CA6CF00B29319 /* Player.swift */ = {isa = PBXFileReference; fileEncoding = 4; lastKnownFileType = sourcecode.swift; path = Player.swift; sourceTree = "<group>"; };
/* End PBXFileReference section */

/* Begin PBXFrameworksBuildPhase section */
		A1F2A9D91C7C853600B29319 /* Frameworks */ = {
			isa = PBXFrameworksBuildPhase;
			buildActionMask = 2147483647;
			files = (
				A1F2A9F51C7C858000B29319 /* GameKit.framework in Frameworks */,
			);
			runOnlyForDeploymentPostprocessing = 0;
		};
/* End PBXFrameworksBuildPhase section */

/* Begin PBXGroup section */
		A1F2A9D31C7C853600B29319 = {
			isa = PBXGroup;
			children = (
				A1F2A9F41C7C858000B29319 /* GameKit.framework */,
				A1F2A9DE1C7C853600B29319 /* Fussball Teams */,
				A1F2A9DD1C7C853600B29319 /* Products */,
			);
			sourceTree = "<group>";
		};
		A1F2A9DD1C7C853600B29319 /* Products */ = {
			isa = PBXGroup;
			children = (
				A1F2A9DC1C7C853600B29319 /* Fussball Teams.app */,
			);
			name = Products;
			sourceTree = "<group>";
		};
		A1F2A9DE1C7C853600B29319 /* Fussball Teams */ = {
			isa = PBXGroup;
			children = (
				A1F2A9DF1C7C853600B29319 /* AppDelegate.swift */,
				A1F2A9FA1C7C93CD00B29319 /* PlayerTableCell.swift */,
				A1F2A9FC1C7C9A5C00B29319 /* StartGameController.swift */,
				A1F2A9F81C7C8F5800B29319 /* PlayersListController.swift */,
				A1F2A9FE1C7CA64700B29319 /* GameDetailsController.swift */,
				A1F2AA001C7CA6A000B29319 /* Game.swift */,
				A1F2AA021C7CA6CF00B29319 /* Player.swift */,
				A1F2A9E11C7C853600B29319 /* ViewController.swift */,
				A1F2A9E31C7C853600B29319 /* Main.storyboard */,
				A1F2A9E91C7C853600B29319 /* Assets.xcassets */,
				A1F2A9EB1C7C853600B29319 /* LaunchScreen.storyboard */,
				A1F2A9EE1C7C853600B29319 /* Info.plist */,
				A1F2A9E61C7C853600B29319 /* Fussball_Teams.xcdatamodeld */,
				A1F2A9F61C7C8C8400B29319 /* PlayerDetailsController.swift */,
			);
			path = "Fussball Teams";
			sourceTree = "<group>";
		};
/* End PBXGroup section */

/* Begin PBXNativeTarget section */
		A1F2A9DB1C7C853600B29319 /* Fussball Teams */ = {
			isa = PBXNativeTarget;
			buildConfigurationList = A1F2A9F11C7C853600B29319 /* Build configuration list for PBXNativeTarget "Fussball Teams" */;
			buildPhases = (
				A1F2A9D81C7C853600B29319 /* Sources */,
				A1F2A9D91C7C853600B29319 /* Frameworks */,
				A1F2A9DA1C7C853600B29319 /* Resources */,
			);
			buildRules = (
			);
			dependencies = (
			);
			name = "Fussball Teams";
			productName = "Fussball Teams";
			productReference = A1F2A9DC1C7C853600B29319 /* Fussball Teams.app */;
			productType = "com.apple.product-type.application";
		};
/* End PBXNativeTarget section */

/* Begin PBXProject section */
		A1F2A9D41C7C853600B29319 /* Project object */ = {
			isa = PBXProject;
			attributes = {
				LastSwiftUpdateCheck = 0720;
				LastUpgradeCheck = 0720;
				ORGANIZATIONNAME = Wirtek;
				TargetAttributes = {
					A1F2A9DB1C7C853600B29319 = {
						CreatedOnToolsVersion = 7.2.1;
						DevelopmentTeam = J5JX55X23V;
						SystemCapabilities = {
							com.apple.GameCenter = {
								enabled = 1;
							};
							com.apple.Push = {
								enabled = 1;
							};
						};
					};
				};
			};
			buildConfigurationList = A1F2A9D71C7C853600B29319 /* Build configuration list for PBXProject "Fussball Teams" */;
			compatibilityVersion = "Xcode 3.2";
			developmentRegion = English;
			hasScannedForEncodings = 0;
			knownRegions = (
				en,
				Base,
			);
			mainGroup = A1F2A9D31C7C853600B29319;
			productRefGroup = A1F2A9DD1C7C853600B29319 /* Products */;
			projectDirPath = "";
			projectRoot = "";
			targets = (
				A1F2A9DB1C7C853600B29319 /* Fussball Teams */,
			);
		};
/* End PBXProject section */

/* Begin PBXResourcesBuildPhase section */
		A1F2A9DA1C7C853600B29319 /* Resources */ = {
			isa = PBXResourcesBuildPhase;
			buildActionMask = 2147483647;
			files = (
				A1F2A9ED1C7C853600B29319 /* LaunchScreen.storyboard in Resources */,
				A1F2A9EA1C7C853600B29319 /* Assets.xcassets in Resources */,
				A1F2A9E51C7C853600B29319 /* Main.storyboard in Resources */,
			);
			runOnlyForDeploymentPostprocessing = 0;
		};
/* End PBXResourcesBuildPhase section */

/* Begin PBXSourcesBuildPhase section */
		A1F2A9D81C7C853600B29319 /* Sources */ = {
			isa = PBXSourcesBuildPhase;
			buildActionMask = 2147483647;
			files = (
				A1F2A9FD1C7C9A5C00B29319 /* StartGameController.swift in Sources */,
				A1F2AA011C7CA6A000B29319 /* Game.swift in Sources */,
				A1F2A9E21C7C853600B29319 /* ViewController.swift in Sources */,
				A1F2A9FF1C7CA64700B29319 /* GameDetailsController.swift in Sources */,
				A1F2A9E01C7C853600B29319 /* AppDelegate.swift in Sources */,
				A1F2A9E81C7C853600B29319 /* Fussball_Teams.xcdatamodeld in Sources */,
				A1F2A9F71C7C8C8400B29319 /* PlayerDetailsController.swift in Sources */,
				A1F2A9F91C7C8F5800B29319 /* PlayersListController.swift in Sources */,
				A1F2AA031C7CA6CF00B29319 /* Player.swift in Sources */,
				A1F2A9FB1C7C93CD00B29319 /* PlayerTableCell.swift in Sources */,
			);
			runOnlyForDeploymentPostprocessing = 0;
		};
/* End PBXSourcesBuildPhase section */

/* Begin PBXVariantGroup section */
		A1F2A9E31C7C853600B29319 /* Main.storyboard */ = {
			isa = PBXVariantGroup;
			children = (
				A1F2A9E41C7C853600B29319 /* Base */,
			);
			name = Main.storyboard;
			sourceTree = "<group>";
		};
		A1F2A9EB1C7C853600B29319 /* LaunchScreen.storyboard */ = {
			isa = PBXVariantGroup;
			children = (
				A1F2A9EC1C7C853600B29319 /* Base */,
			);
			name = LaunchScreen.storyboard;
			sourceTree = "<group>";
		};
/* End PBXVariantGroup section */

/* Begin XCBuildConfiguration section */
		A1F2A9EF1C7C853600B29319 /* Debug */ = {
			isa = XCBuildConfiguration;
			buildSettings = {
				ALWAYS_SEARCH_USER_PATHS = NO;
				CLANG_CXX_LANGUAGE_STANDARD = "gnu++0x";
				CLANG_CXX_LIBRARY = "libc++";
				CLANG_ENABLE_MODULES = YES;
				CLANG_ENABLE_OBJC_ARC = YES;
				CLANG_WARN_BOOL_CONVERSION = YES;
				CLANG_WARN_CONSTANT_CONVERSION = YES;
				CLANG_WARN_DIRECT_OBJC_ISA_USAGE = YES_ERROR;
				CLANG_WARN_EMPTY_BODY = YES;
				CLANG_WARN_ENUM_CONVERSION = YES;
				CLANG_WARN_INT_CONVERSION = YES;
				CLANG_WARN_OBJC_ROOT_CLASS = YES_ERROR;
				CLANG_WARN_UNREACHABLE_CODE = YES;
				CLANG_WARN__DUPLICATE_METHOD_MATCH = YES;
				"CODE_SIGN_IDENTITY[sdk=iphoneos*]" = "iPhone Developer";
				COPY_PHASE_STRIP = NO;
				DEBUG_INFORMATION_FORMAT = dwarf;
				ENABLE_STRICT_OBJC_MSGSEND = YES;
				ENABLE_TESTABILITY = YES;
				GCC_C_LANGUAGE_STANDARD = gnu99;
				GCC_DYNAMIC_NO_PIC = NO;
				GCC_NO_COMMON_BLOCKS = YES;
				GCC_OPTIMIZATION_LEVEL = 0;
				GCC_PREPROCESSOR_DEFINITIONS = (
					"DEBUG=1",
					"$(inherited)",
				);
				GCC_WARN_64_TO_32_BIT_CONVERSION = YES;
				GCC_WARN_ABOUT_RETURN_TYPE = YES_ERROR;
				GCC_WARN_UNDECLARED_SELECTOR = YES;
				GCC_WARN_UNINITIALIZED_AUTOS = YES_AGGRESSIVE;
				GCC_WARN_UNUSED_FUNCTION = YES;
				GCC_WARN_UNUSED_VARIABLE = YES;
				IPHONEOS_DEPLOYMENT_TARGET = 9.2;
				MTL_ENABLE_DEBUG_INFO = YES;
				ONLY_ACTIVE_ARCH = YES;
				SDKROOT = iphoneos;
				SWIFT_OPTIMIZATION_LEVEL = "-Onone";
				TARGETED_DEVICE_FAMILY = "1,2";
			};
			name = Debug;
		};
		A1F2A9F01C7C853600B29319 /* Release */ = {
			isa = XCBuildConfiguration;
			buildSettings = {
				ALWAYS_SEARCH_USER_PATHS = NO;
				CLANG_CXX_LANGUAGE_STANDARD = "gnu++0x";
				CLANG_CXX_LIBRARY = "libc++";
				CLANG_ENABLE_MODULES = YES;
				CLANG_ENABLE_OBJC_ARC = YES;
				CLANG_WARN_BOOL_CONVERSION = YES;
				CLANG_WARN_CONSTANT_CONVERSION = YES;
				CLANG_WARN_DIRECT_OBJC_ISA_USAGE = YES_ERROR;
				CLANG_WARN_EMPTY_BODY = YES;
				CLANG_WARN_ENUM_CONVERSION = YES;
				CLANG_WARN_INT_CONVERSION = YES;
				CLANG_WARN_OBJC_ROOT_CLASS = YES_ERROR;
				CLANG_WARN_UNREACHABLE_CODE = YES;
				CLANG_WARN__DUPLICATE_METHOD_MATCH = YES;
				"CODE_SIGN_IDENTITY[sdk=iphoneos*]" = "iPhone Developer";
				COPY_PHASE_STRIP = NO;
				DEBUG_INFORMATION_FORMAT = "dwarf-with-dsym";
				ENABLE_NS_ASSERTIONS = NO;
				ENABLE_STRICT_OBJC_MSGSEND = YES;
				GCC_C_LANGUAGE_STANDARD = gnu99;
				GCC_NO_COMMON_BLOCKS = YES;
				GCC_WARN_64_TO_32_BIT_CONVERSION = YES;
				GCC_WARN_ABOUT_RETURN_TYPE = YES_ERROR;
				GCC_WARN_UNDECLARED_SELECTOR = YES;
				GCC_WARN_UNINITIALIZED_AUTOS = YES_AGGRESSIVE;
				GCC_WARN_UNUSED_FUNCTION = YES;
				GCC_WARN_UNUSED_VARIABLE = YES;
				IPHONEOS_DEPLOYMENT_TARGET = 9.2;
				MTL_ENABLE_DEBUG_INFO = NO;
				SDKROOT = iphoneos;
				TARGETED_DEVICE_FAMILY = "1,2";
				VALIDATE_PRODUCT = YES;
			};
			name = Release;
		};
		A1F2A9F21C7C853600B29319 /* Debug */ = {
			isa = XCBuildConfiguration;
			buildSettings = {
				ASSETCATALOG_COMPILER_APPICON_NAME = AppIcon;
				CODE_SIGN_IDENTITY = "iPhone Developer";
				"CODE_SIGN_IDENTITY[sdk=iphoneos*]" = "iPhone Developer";
				INFOPLIST_FILE = "Fussball Teams/Info.plist";
				LD_RUNPATH_SEARCH_PATHS = "$(inherited) @executable_path/Frameworks";
				PRODUCT_BUNDLE_IDENTIFIER = com.wirtek.FussballTeams;
				PRODUCT_NAME = "$(TARGET_NAME)";
				PROVISIONING_PROFILE = "";
			};
			name = Debug;
		};
		A1F2A9F31C7C853600B29319 /* Release */ = {
			isa = XCBuildConfiguration;
			buildSettings = {
				ASSETCATALOG_COMPILER_APPICON_NAME = AppIcon;
				CODE_SIGN_IDENTITY = "iPhone Developer";
				"CODE_SIGN_IDENTITY[sdk=iphoneos*]" = "iPhone Developer";
				INFOPLIST_FILE = "Fussball Teams/Info.plist";
				LD_RUNPATH_SEARCH_PATHS = "$(inherited) @executable_path/Frameworks";
				PRODUCT_BUNDLE_IDENTIFIER = com.wirtek.FussballTeams;
				PRODUCT_NAME = "$(TARGET_NAME)";
				PROVISIONING_PROFILE = "";
			};
			name = Release;
		};
/* End XCBuildConfiguration section */

/* Begin XCConfigurationList section */
		A1F2A9D71C7C853600B29319 /* Build configuration list for PBXProject "Fussball Teams" */ = {
			isa = XCConfigurationList;
			buildConfigurations = (
				A1F2A9EF1C7C853600B29319 /* Debug */,
				A1F2A9F01C7C853600B29319 /* Release */,
			);
			defaultConfigurationIsVisible = 0;
			defaultConfigurationName = Release;
		};
		A1F2A9F11C7C853600B29319 /* Build configuration list for PBXNativeTarget "Fussball Teams" */ = {
			isa = XCConfigurationList;
			buildConfigurations = (
				A1F2A9F21C7C853600B29319 /* Debug */,
				A1F2A9F31C7C853600B29319 /* Release */,
			);
			defaultConfigurationIsVisible = 0;
		};
/* End XCConfigurationList section */

/* Begin XCVersionGroup section */
		A1F2A9E61C7C853600B29319 /* Fussball_Teams.xcdatamodeld */ = {
			isa = XCVersionGroup;
			children = (
				A1F2A9E71C7C853600B29319 /* Fussball_Teams.xcdatamodel */,
			);
			currentVersion = A1F2A9E71C7C853600B29319 /* Fussball_Teams.xcdatamodel */;
			path = Fussball_Teams.xcdatamodeld;
			sourceTree = "<group>";
			versionGroupType = wrapper.xcdatamodel;
		};
/* End XCVersionGroup section */
	};
	rootObject = A1F2A9D41C7C853600B29319 /* Project object */;
}
